
Microsoft Visual Studio Solution File, Format Version 12.00
# Visual Studio 15
VisualStudioVersion = 15.0.27130.2020
MinimumVisualStudioVersion = 10.0.40219.1
Project("{FAE04EC0-301F-11D3-BF4B-00C04F79EFBC}") = "sortBox", "sortBox\sortBox.csproj", "{BC5D8EF9-CDDF-4311-8985-4FE074A9B9C6}"
EndProject
Global
	GlobalSection(SolutionConfigurationPlatforms) = preSolution
		Debug|Any CPU = Debug|Any CPU
		Release|Any CPU = Release|Any CPU
	EndGlobalSection
	GlobalSection(ProjectConfigurationPlatforms) = postSolution
		{BC5D8EF9-CDDF-4311-8985-4FE074A9B9C6}.Debug|Any CPU.ActiveCfg = Debug|Any CPU
		{BC5D8EF9-CDDF-4311-8985-4FE074A9B9C6}.Debug|Any CPU.Build.0 = Debug|Any CPU
		{BC5D8EF9-CDDF-4311-8985-4FE074A9B9C6}.Release|Any CPU.ActiveCfg = Release|Any CPU
		{BC5D8EF9-CDDF-4311-8985-4FE074A9B9C6}.Release|Any CPU.Build.0 = Release|Any CPU
	EndGlobalSection
	GlobalSection(SolutionProperties) = preSolution
		HideSolutionNode = FALSE
	EndGlobalSection
	GlobalSection(ExtensibilityGlobals) = postSolution
		SolutionGuid = {AC124435-3148-4583-AFCB-F409F4BF699F}
	EndGlobalSection
EndGlobal
